
Microsoft Visual Studio Solution File, Format Version 12.00
# Visual Studio Version 17
VisualStudioVersion = 17.3.32922.545
MinimumVisualStudioVersion = 10.0.40219.1
Project("{FAE04EC0-301F-11D3-BF4B-00C04F79EFBC}") = "01_AssignmentCsharpCMS22", "01_AssignmentCsharpCMS22\01_AssignmentCsharpCMS22.csproj", "{80AB5FDF-1F1F-449A-8C29-2F9B80A1D11F}"
EndProject
Global
	GlobalSection(SolutionConfigurationPlatforms) = preSolution
		Debug|Any CPU = Debug|Any CPU
		Release|Any CPU = Release|Any CPU
	EndGlobalSection
	GlobalSection(ProjectConfigurationPlatforms) = postSolution
		{80AB5FDF-1F1F-449A-8C29-2F9B80A1D11F}.Debug|Any CPU.ActiveCfg = Debug|Any CPU
		{80AB5FDF-1F1F-449A-8C29-2F9B80A1D11F}.Debug|Any CPU.Build.0 = Debug|Any CPU
		{80AB5FDF-1F1F-449A-8C29-2F9B80A1D11F}.Release|Any CPU.ActiveCfg = Release|Any CPU
		{80AB5FDF-1F1F-449A-8C29-2F9B80A1D11F}.Release|Any CPU.Build.0 = Release|Any CPU
	EndGlobalSection
	GlobalSection(SolutionProperties) = preSolution
		HideSolutionNode = FALSE
	EndGlobalSection
	GlobalSection(ExtensibilityGlobals) = postSolution
		SolutionGuid = {537DCE0E-F6CB-4137-B147-164919509AB8}
	EndGlobalSection
EndGlobal
